
Microsoft Visual Studio Solution File, Format Version 12.00
# Visual Studio Version 17
VisualStudioVersion = 17.9.34902.65
MinimumVisualStudioVersion = 10.0.40219.1
Project("{FAE04EC0-301F-11D3-BF4B-00C04F79EFBC}") = "AngularWIthASP.Server", "AngularWIthASP.Server\AngularWIthASP.Server.csproj", "{3FE64FD6-FA9F-4280-9646-F3872AACE0B6}"
EndProject
Project("{54A90642-561A-4BB1-A94E-469ADEE60C69}") = "angularwithasp.client", "angularwithasp.client\angularwithasp.client.esproj", "{B15DE984-C273-4A61-9834-0E0566DDCC01}"
EndProject
Global
	GlobalSection(SolutionConfigurationPlatforms) = preSolution
		Debug|Any CPU = Debug|Any CPU
		Release|Any CPU = Release|Any CPU
	EndGlobalSection
	GlobalSection(ProjectConfigurationPlatforms) = postSolution
		{3FE64FD6-FA9F-4280-9646-F3872AACE0B6}.Debug|Any CPU.ActiveCfg = Debug|Any CPU
		{3FE64FD6-FA9F-4280-9646-F3872AACE0B6}.Debug|Any CPU.Build.0 = Debug|Any CPU
		{3FE64FD6-FA9F-4280-9646-F3872AACE0B6}.Release|Any CPU.ActiveCfg = Release|Any CPU
		{3FE64FD6-FA9F-4280-9646-F3872AACE0B6}.Release|Any CPU.Build.0 = Release|Any CPU
		{B15DE984-C273-4A61-9834-0E0566DDCC01}.Debug|Any CPU.ActiveCfg = Debug|Any CPU
		{B15DE984-C273-4A61-9834-0E0566DDCC01}.Debug|Any CPU.Build.0 = Debug|Any CPU
		{B15DE984-C273-4A61-9834-0E0566DDCC01}.Debug|Any CPU.Deploy.0 = Debug|Any CPU
		{B15DE984-C273-4A61-9834-0E0566DDCC01}.Release|Any CPU.ActiveCfg = Release|Any CPU
		{B15DE984-C273-4A61-9834-0E0566DDCC01}.Release|Any CPU.Build.0 = Release|Any CPU
		{B15DE984-C273-4A61-9834-0E0566DDCC01}.Release|Any CPU.Deploy.0 = Release|Any CPU
	EndGlobalSection
	GlobalSection(SolutionProperties) = preSolution
		HideSolutionNode = FALSE
	EndGlobalSection
	GlobalSection(ExtensibilityGlobals) = postSolution
		SolutionGuid = {F4755042-22F3-4BB0-9505-113A4DECCEBB}
	EndGlobalSection
EndGlobal
